github.com/BurntSushi/toml v1.6.0 h1:dRaEfpa2VI55EwlIW72hMRHdWouJeRF7TPYhI+AUQjk=
github.com/BurntSushi/toml v1.6.0/go.mod h1:ukJfTF/6rtPPRCnwkur4qwRxa8vTRFBF0uk2lLoLwho=
github.com/coder/websocket v1.8.15 h1:6B2JPeOGlpff2Uz6vOEH1Vzpi0iUz20A+lPVhPHtNUA=
github.com/coder/websocket v1.8.15/go.mod h1:NX3SzP+inril6yawo5CQXx8+fk145lPDC6pumgx0mVg=
github.com/fsnotify/fsnotify v1.10.1 h1:b0/UzAf9yR5rhf3RPm9gf3ehBPpf0oZKIjtpKrx59Ho=
github.com/fsnotify/fsnotify v1.10.1/go.mod h1:TLheqan6HD6GBK6PrDWyDPBaEV8LspOxvPSjC+bVfgo=
github.com/rannday/go-build-bin v0.1.5 h1:VrhL3kMT0kGXAUjWJPfpSYC+nq7ZZUkO1cvBFqXJ6e8=
github.com/rannday/go-build-bin v0.1.5/go.mod h1:4nsNwQday/dtM7s7j/1idxNqzPiC9oMLKuo0fVtEwMs=
github.com/rannday/go-log v0.2.0 h1:B+ISxvx4yQGC2YlPdGVVke2ez+lqiKwaXrRnzvf2RWI=
github.com/rannday/go-log v0.2.0/go.mod h1:TSkIcg+teKm1R9cEMiG/xfFvE9Pj6d+EZF2pcEeiY4s=
golang.org/x/sys v0.13.0 h1:Af8nKPmuFypiUBjVoU9V20FiaFXOcuZI21p0ycVYYGE=
golang.org/x/sys v0.13.0/go.mod h1:oPkhp1MJrh7nUepCBck5+mAzfO9JrbApNNgaTdGDITg=
